
Microsoft Visual Studio Solution File, Format Version 12.00
# Visual Studio Version 17
VisualStudioVersion = 17.7.34221.43
MinimumVisualStudioVersion = 10.0.40219.1
Project("{FAE04EC0-301F-11D3-BF4B-00C04F79EFBC}") = "MensajesAlertas", "MensajesAlertas.csproj", "{F4835791-13BC-449A-9A9C-F7F9A2316619}"
EndProject
Global
	GlobalSection(SolutionConfigurationPlatforms) = preSolution
		Debug|Any CPU = Debug|Any CPU
		Release|Any CPU = Release|Any CPU
	EndGlobalSection
	GlobalSection(ProjectConfigurationPlatforms) = postSolution
		{F4835791-13BC-449A-9A9C-F7F9A2316619}.Debug|Any CPU.ActiveCfg = Debug|Any CPU
		{F4835791-13BC-449A-9A9C-F7F9A2316619}.Debug|Any CPU.Build.0 = Debug|Any CPU
		{F4835791-13BC-449A-9A9C-F7F9A2316619}.Release|Any CPU.ActiveCfg = Release|Any CPU
		{F4835791-13BC-449A-9A9C-F7F9A2316619}.Release|Any CPU.Build.0 = Release|Any CPU
	EndGlobalSection
	GlobalSection(SolutionProperties) = preSolution
		HideSolutionNode = FALSE
	EndGlobalSection
	GlobalSection(ExtensibilityGlobals) = postSolution
		SolutionGuid = {A4D37631-1622-4B75-BD86-FBE7724DA1E5}
	EndGlobalSection
EndGlobal
